
Microsoft Visual Studio Solution File, Format Version 12.00
# Visual Studio Version 17
VisualStudioVersion = 17.1.32210.238
MinimumVisualStudioVersion = 10.0.40219.1
Project("{FAE04EC0-301F-11D3-BF4B-00C04F79EFBC}") = "Угрюмова практика 7(19)", "Угрюмова практика 7(19).csproj", "{FCCD6A70-7AE1-4E97-9751-37D44B26787E}"
EndProject
Global
	GlobalSection(SolutionConfigurationPlatforms) = preSolution
		Debug|Any CPU = Debug|Any CPU
		Release|Any CPU = Release|Any CPU
	EndGlobalSection
	GlobalSection(ProjectConfigurationPlatforms) = postSolution
		{FCCD6A70-7AE1-4E97-9751-37D44B26787E}.Debug|Any CPU.ActiveCfg = Debug|Any CPU
		{FCCD6A70-7AE1-4E97-9751-37D44B26787E}.Debug|Any CPU.Build.0 = Debug|Any CPU
		{FCCD6A70-7AE1-4E97-9751-37D44B26787E}.Release|Any CPU.ActiveCfg = Release|Any CPU
		{FCCD6A70-7AE1-4E97-9751-37D44B26787E}.Release|Any CPU.Build.0 = Release|Any CPU
	EndGlobalSection
	GlobalSection(SolutionProperties) = preSolution
		HideSolutionNode = FALSE
	EndGlobalSection
	GlobalSection(ExtensibilityGlobals) = postSolution
		SolutionGuid = {D91AD1C4-F702-4AFC-9032-7ADCE1AEE617}
	EndGlobalSection
EndGlobal
